
Microsoft Visual Studio Solution File, Format Version 12.00
# Visual Studio 15
VisualStudioVersion = 15.0.27130.0
MinimumVisualStudioVersion = 10.0.40219.1
Project("{FAE04EC0-301F-11D3-BF4B-00C04F79EFBC}") = "SerilogWeb.Classic", "src\SerilogWeb.Classic\SerilogWeb.Classic.csproj", "{13CEC8DD-6087-4FEE-AEC1-0511B8959CCD}"
EndProject
Project("{2150E333-8FDC-42A3-9474-1A3956D46DE8}") = "src", "src", "{1FBD9562-CE19-4685-B6D5-B99E8835B2F0}"
EndProject
Project("{2150E333-8FDC-42A3-9474-1A3956D46DE8}") = "test", "test", "{96517C33-6397-45A0-9534-C8D9D25CF5C4}"
EndProject
Project("{FAE04EC0-301F-11D3-BF4B-00C04F79EFBC}") = "SerilogWeb.Test", "test\SerilogWeb.Test\SerilogWeb.Test.csproj", "{E48F5A8D-0CBD-4AFF-A692-99A79D2DAD21}"
EndProject
Project("{9A19103F-16F7-4668-BE54-9A1E7A4F7556}") = "SerilogWeb.Classic.Tests", "test\SerilogWeb.Classic.Tests\SerilogWeb.Classic.Tests.csproj", "{24B6681A-F8A7-4CA7-8676-871452605F45}"
EndProject
Project("{2150E333-8FDC-42A3-9474-1A3956D46DE8}") = "assets", "assets", "{DBD65543-5514-465B-8DE4-6C8866805A8F}"
	ProjectSection(SolutionItems) = preProject
		assets\CommonAssemblyInfo.cs = assets\CommonAssemblyInfo.cs
		assets\SerilogWeb.snk = assets\SerilogWeb.snk
	EndProjectSection
EndProject
Global
	GlobalSection(SolutionConfigurationPlatforms) = preSolution
		Debug|Any CPU = Debug|Any CPU
		Release|Any CPU = Release|Any CPU
	EndGlobalSection
	GlobalSection(ProjectConfigurationPlatforms) = postSolution
		{13CEC8DD-6087-4FEE-AEC1-0511B8959CCD}.Debug|Any CPU.ActiveCfg = Debug|Any CPU
		{13CEC8DD-6087-4FEE-AEC1-0511B8959CCD}.Debug|Any CPU.Build.0 = Debug|Any CPU
		{13CEC8DD-6087-4FEE-AEC1-0511B8959CCD}.Release|Any CPU.ActiveCfg = Release|Any CPU
		{13CEC8DD-6087-4FEE-AEC1-0511B8959CCD}.Release|Any CPU.Build.0 = Release|Any CPU
		{E48F5A8D-0CBD-4AFF-A692-99A79D2DAD21}.Debug|Any CPU.ActiveCfg = Debug|Any CPU
		{E48F5A8D-0CBD-4AFF-A692-99A79D2DAD21}.Debug|Any CPU.Build.0 = Debug|Any CPU
		{E48F5A8D-0CBD-4AFF-A692-99A79D2DAD21}.Release|Any CPU.ActiveCfg = Release|Any CPU
		{E48F5A8D-0CBD-4AFF-A692-99A79D2DAD21}.Release|Any CPU.Build.0 = Release|Any CPU
		{24B6681A-F8A7-4CA7-8676-871452605F45}.Debug|Any CPU.ActiveCfg = Debug|Any CPU
		{24B6681A-F8A7-4CA7-8676-871452605F45}.Debug|Any CPU.Build.0 = Debug|Any CPU
		{24B6681A-F8A7-4CA7-8676-871452605F45}.Release|Any CPU.ActiveCfg = Release|Any CPU
		{24B6681A-F8A7-4CA7-8676-871452605F45}.Release|Any CPU.Build.0 = Release|Any CPU
	EndGlobalSection
	GlobalSection(SolutionProperties) = preSolution
		HideSolutionNode = FALSE
	EndGlobalSection
	GlobalSection(NestedProjects) = preSolution
		{13CEC8DD-6087-4FEE-AEC1-0511B8959CCD} = {1FBD9562-CE19-4685-B6D5-B99E8835B2F0}
		{E48F5A8D-0CBD-4AFF-A692-99A79D2DAD21} = {96517C33-6397-45A0-9534-C8D9D25CF5C4}
		{24B6681A-F8A7-4CA7-8676-871452605F45} = {96517C33-6397-45A0-9534-C8D9D25CF5C4}
	EndGlobalSection
	GlobalSection(ExtensibilityGlobals) = postSolution
		SolutionGuid = {5F48B1B0-2746-4F72-AA2D-D40187CDB801}
	EndGlobalSection
EndGlobal
