
Microsoft Visual Studio Solution File, Format Version 12.00
# Visual Studio 2013
VisualStudioVersion = 12.0.31101.0
MinimumVisualStudioVersion = 10.0.40219.1
Project("{FAE04EC0-301F-11D3-BF4B-00C04F79EFBC}") = "SerilogWeb.Classic", "src\SerilogWeb.Classic\SerilogWeb.Classic.csproj", "{13CEC8DD-6087-4FEE-AEC1-0511B8959CCD}"
EndProject
Global
	GlobalSection(SolutionConfigurationPlatforms) = preSolution
		Debug|Any CPU = Debug|Any CPU
		Release|Any CPU = Release|Any CPU
	EndGlobalSection
	GlobalSection(ProjectConfigurationPlatforms) = postSolution
		{13CEC8DD-6087-4FEE-AEC1-0511B8959CCD}.Debug|Any CPU.ActiveCfg = Debug|Any CPU
		{13CEC8DD-6087-4FEE-AEC1-0511B8959CCD}.Debug|Any CPU.Build.0 = Debug|Any CPU
		{13CEC8DD-6087-4FEE-AEC1-0511B8959CCD}.Release|Any CPU.ActiveCfg = Release|Any CPU
		{13CEC8DD-6087-4FEE-AEC1-0511B8959CCD}.Release|Any CPU.Build.0 = Release|Any CPU
	EndGlobalSection
	GlobalSection(SolutionProperties) = preSolution
		HideSolutionNode = FALSE
	EndGlobalSection
EndGlobal
